
Microsoft Visual Studio Solution File, Format Version 12.00
# Visual Studio Version 17
VisualStudioVersion = 17.10.35027.167
MinimumVisualStudioVersion = 10.0.40219.1
Project("{FAE04EC0-301F-11D3-BF4B-00C04F79EFBC}") = "Alisveris_Platformu.Data", "Alisveris_Platformu.Data\Alisveris_Platformu.Data.csproj", "{3AFACC41-2AA9-44AA-A435-197768425C09}"
EndProject
Project("{FAE04EC0-301F-11D3-BF4B-00C04F79EFBC}") = "Alisveris_Platformu.Business", "Alisveris_Platformu.Business\Alisveris_Platformu.Business.csproj", "{4437803B-D387-4463-87BA-91CC0816FB18}"
EndProject
Project("{FAE04EC0-301F-11D3-BF4B-00C04F79EFBC}") = "Alisveris_Platformu.WebApi", "Alisveris_Platformu.WebApi\Alisveris_Platformu.WebApi.csproj", "{7D026D94-58BC-456F-A840-771E1050A809}"
EndProject
Global
	GlobalSection(SolutionConfigurationPlatforms) = preSolution
		Debug|Any CPU = Debug|Any CPU
		Release|Any CPU = Release|Any CPU
	EndGlobalSection
	GlobalSection(ProjectConfigurationPlatforms) = postSolution
		{3AFACC41-2AA9-44AA-A435-197768425C09}.Debug|Any CPU.ActiveCfg = Debug|Any CPU
		{3AFACC41-2AA9-44AA-A435-197768425C09}.Debug|Any CPU.Build.0 = Debug|Any CPU
		{3AFACC41-2AA9-44AA-A435-197768425C09}.Release|Any CPU.ActiveCfg = Release|Any CPU
		{3AFACC41-2AA9-44AA-A435-197768425C09}.Release|Any CPU.Build.0 = Release|Any CPU
		{4437803B-D387-4463-87BA-91CC0816FB18}.Debug|Any CPU.ActiveCfg = Debug|Any CPU
		{4437803B-D387-4463-87BA-91CC0816FB18}.Debug|Any CPU.Build.0 = Debug|Any CPU
		{4437803B-D387-4463-87BA-91CC0816FB18}.Release|Any CPU.ActiveCfg = Release|Any CPU
		{4437803B-D387-4463-87BA-91CC0816FB18}.Release|Any CPU.Build.0 = Release|Any CPU
		{7D026D94-58BC-456F-A840-771E1050A809}.Debug|Any CPU.ActiveCfg = Debug|Any CPU
		{7D026D94-58BC-456F-A840-771E1050A809}.Debug|Any CPU.Build.0 = Debug|Any CPU
		{7D026D94-58BC-456F-A840-771E1050A809}.Release|Any CPU.ActiveCfg = Release|Any CPU
		{7D026D94-58BC-456F-A840-771E1050A809}.Release|Any CPU.Build.0 = Release|Any CPU
	EndGlobalSection
	GlobalSection(SolutionProperties) = preSolution
		HideSolutionNode = FALSE
	EndGlobalSection
	GlobalSection(ExtensibilityGlobals) = postSolution
		SolutionGuid = {62E20463-5F82-429D-A392-09BA9F105B43}
	EndGlobalSection
EndGlobal
